
Microsoft Visual Studio Solution File, Format Version 12.00
# Visual Studio Version 17
VisualStudioVersion = 17.11.35327.3
MinimumVisualStudioVersion = 10.0.40219.1
Project("{FAE04EC0-301F-11D3-BF4B-00C04F79EFBC}") = "Assign_001", "Assign_001\Assign_001.csproj", "{B59D4DF4-6ABE-4302-A413-CB5789D73D48}"
EndProject
Global
	GlobalSection(SolutionConfigurationPlatforms) = preSolution
		Debug|Any CPU = Debug|Any CPU
		Release|Any CPU = Release|Any CPU
	EndGlobalSection
	GlobalSection(ProjectConfigurationPlatforms) = postSolution
		{B59D4DF4-6ABE-4302-A413-CB5789D73D48}.Debug|Any CPU.ActiveCfg = Debug|Any CPU
		{B59D4DF4-6ABE-4302-A413-CB5789D73D48}.Debug|Any CPU.Build.0 = Debug|Any CPU
		{B59D4DF4-6ABE-4302-A413-CB5789D73D48}.Release|Any CPU.ActiveCfg = Release|Any CPU
		{B59D4DF4-6ABE-4302-A413-CB5789D73D48}.Release|Any CPU.Build.0 = Release|Any CPU
	EndGlobalSection
	GlobalSection(SolutionProperties) = preSolution
		HideSolutionNode = FALSE
	EndGlobalSection
	GlobalSection(ExtensibilityGlobals) = postSolution
		SolutionGuid = {1DD55BF7-0786-4639-BC64-C548F4C32AAF}
	EndGlobalSection
EndGlobal
